
Microsoft Visual Studio Solution File, Format Version 12.00
# Visual Studio 15
VisualStudioVersion = 15.0.27703.1
MinimumVisualStudioVersion = 10.0.40219.1
Project("{FAE04EC0-301F-11D3-BF4B-00C04F79EFBC}") = "FraccMath", "FraccMath\FraccMath.csproj", "{FB22F5F4-E697-4D09-A2D6-6BD7DBB30F75}"
EndProject
Project("{FAE04EC0-301F-11D3-BF4B-00C04F79EFBC}") = "FraccMethod", "FraccMethod\FraccMethod.csproj", "{5C43D064-CD01-4428-86F3-8C9CEBCB98D6}"
EndProject
Project("{FAE04EC0-301F-11D3-BF4B-00C04F79EFBC}") = "FraccEntities", "FraccEntities\FraccEntities.csproj", "{EC9D9577-A9B9-4E39-A93B-2C12186FF883}"
EndProject
Project("{54435603-DBB4-11D2-8724-00A0C9A8B90C}") = "SetupFraccMath", "SetupFraccMath\SetupFraccMath.vdproj", "{29BC94D7-5AF4-4C7A-ACC4-DB56556B1A73}"
EndProject
Global
	GlobalSection(SolutionConfigurationPlatforms) = preSolution
		Debug|Any CPU = Debug|Any CPU
		Release|Any CPU = Release|Any CPU
	EndGlobalSection
	GlobalSection(ProjectConfigurationPlatforms) = postSolution
		{FB22F5F4-E697-4D09-A2D6-6BD7DBB30F75}.Debug|Any CPU.ActiveCfg = Debug|Any CPU
		{FB22F5F4-E697-4D09-A2D6-6BD7DBB30F75}.Debug|Any CPU.Build.0 = Debug|Any CPU
		{FB22F5F4-E697-4D09-A2D6-6BD7DBB30F75}.Release|Any CPU.ActiveCfg = Release|Any CPU
		{FB22F5F4-E697-4D09-A2D6-6BD7DBB30F75}.Release|Any CPU.Build.0 = Release|Any CPU
		{5C43D064-CD01-4428-86F3-8C9CEBCB98D6}.Debug|Any CPU.ActiveCfg = Debug|Any CPU
		{5C43D064-CD01-4428-86F3-8C9CEBCB98D6}.Debug|Any CPU.Build.0 = Debug|Any CPU
		{5C43D064-CD01-4428-86F3-8C9CEBCB98D6}.Release|Any CPU.ActiveCfg = Release|Any CPU
		{5C43D064-CD01-4428-86F3-8C9CEBCB98D6}.Release|Any CPU.Build.0 = Release|Any CPU
		{EC9D9577-A9B9-4E39-A93B-2C12186FF883}.Debug|Any CPU.ActiveCfg = Debug|Any CPU
		{EC9D9577-A9B9-4E39-A93B-2C12186FF883}.Debug|Any CPU.Build.0 = Debug|Any CPU
		{EC9D9577-A9B9-4E39-A93B-2C12186FF883}.Release|Any CPU.ActiveCfg = Release|Any CPU
		{EC9D9577-A9B9-4E39-A93B-2C12186FF883}.Release|Any CPU.Build.0 = Release|Any CPU
		{29BC94D7-5AF4-4C7A-ACC4-DB56556B1A73}.Debug|Any CPU.ActiveCfg = Debug
		{29BC94D7-5AF4-4C7A-ACC4-DB56556B1A73}.Release|Any CPU.ActiveCfg = Release
	EndGlobalSection
	GlobalSection(SolutionProperties) = preSolution
		HideSolutionNode = FALSE
	EndGlobalSection
	GlobalSection(ExtensibilityGlobals) = postSolution
		SolutionGuid = {D602FFEC-062F-4A3F-AA48-825E53577CDB}
	EndGlobalSection
EndGlobal
